// !$*UTF8*$!
{
	archiveVersion = 1;
	classes = {
	};
	objectVersion = 50;
	objects = {

/* Begin PBXBuildFile section */
		DD8B96A824239538004BC59A /* AppDelegate.swift in Sources */ = {isa = PBXBuildFile; fileRef = DD8B96A724239538004BC59A /* AppDelegate.swift */; };
		DD8B96AA24239538004BC59A /* SceneDelegate.swift in Sources */ = {isa = PBXBuildFile; fileRef = DD8B96A924239538004BC59A /* SceneDelegate.swift */; };
		DD8B96AC24239538004BC59A /* ViewController.swift in Sources */ = {isa = PBXBuildFile; fileRef = DD8B96AB24239538004BC59A /* ViewController.swift */; };
		DD8B96AF24239538004BC59A /* Main.storyboard in Resources */ = {isa = PBXBuildFile; fileRef = DD8B96AD24239538004BC59A /* Main.storyboard */; };
		DD8B96B124239539004BC59A /* Assets.xcassets in Resources */ = {isa = PBXBuildFile; fileRef = DD8B96B024239539004BC59A /* Assets.xcassets */; };
		DD8B96B424239539004BC59A /* LaunchScreen.storyboard in Resources */ = {isa = PBXBuildFile; fileRef = DD8B96B224239539004BC59A /* LaunchScreen.storyboard */; };
		DD8B96BC2424091E004BC59A /* LocalizedString.swift in Sources */ = {isa = PBXBuildFile; fileRef = DD8B96BB2424091E004BC59A /* LocalizedString.swift */; };
		DD8B96BE242409B3004BC59A /* LocalizedStringExtension.swift in Sources */ = {isa = PBXBuildFile; fileRef = DD8B96BD242409B3004BC59A /* LocalizedStringExtension.swift */; };
		DD8D4AA9243FA7D400726D90 /* Localizable.strings in Resources */ = {isa = PBXBuildFile; fileRef = DD8D4AAB243FA7D400726D90 /* Localizable.strings */; };
/* End PBXBuildFile section */

/* Begin PBXFileReference section */
		DD8B96A424239538004BC59A /* LocalizationDemo.app */ = {isa = PBXFileReference; explicitFileType = wrapper.application; includeInIndex = 0; path = LocalizationDemo.app; sourceTree = BUILT_PRODUCTS_DIR; };
		DD8B96A724239538004BC59A /* AppDelegate.swift */ = {isa = PBXFileReference; lastKnownFileType = sourcecode.swift; path = AppDelegate.swift; sourceTree = "<group>"; };
		DD8B96A924239538004BC59A /* SceneDelegate.swift */ = {isa = PBXFileReference; lastKnownFileType = sourcecode.swift; path = SceneDelegate.swift; sourceTree = "<group>"; };
		DD8B96AB24239538004BC59A /* ViewController.swift */ = {isa = PBXFileReference; lastKnownFileType = sourcecode.swift; path = ViewController.swift; sourceTree = "<group>"; };
		DD8B96AE24239538004BC59A /* Base */ = {isa = PBXFileReference; lastKnownFileType = file.storyboard; name = Base; path = Base.lproj/Main.storyboard; sourceTree = "<group>"; };
		DD8B96B024239539004BC59A /* Assets.xcassets */ = {isa = PBXFileReference; lastKnownFileType = folder.assetcatalog; path = Assets.xcassets; sourceTree = "<group>"; };
		DD8B96B324239539004BC59A /* Base */ = {isa = PBXFileReference; lastKnownFileType = file.storyboard; name = Base; path = Base.lproj/LaunchScreen.storyboard; sourceTree = "<group>"; };
		DD8B96B524239539004BC59A /* Info.plist */ = {isa = PBXFileReference; lastKnownFileType = text.plist.xml; path = Info.plist; sourceTree = "<group>"; };
		DD8B96BB2424091E004BC59A /* LocalizedString.swift */ = {isa = PBXFileReference; lastKnownFileType = sourcecode.swift; path = LocalizedString.swift; sourceTree = "<group>"; };
		DD8B96BD242409B3004BC59A /* LocalizedStringExtension.swift */ = {isa = PBXFileReference; lastKnownFileType = sourcecode.swift; path = LocalizedStringExtension.swift; sourceTree = "<group>"; };
		DD8D4AAA243FA7D400726D90 /* en */ = {isa = PBXFileReference; lastKnownFileType = text.plist.strings; name = en; path = en.lproj/Localizable.strings; sourceTree = "<group>"; };
		DD8D4AAC243FA7F700726D90 /* de */ = {isa = PBXFileReference; lastKnownFileType = text.plist.strings; name = de; path = de.lproj/Main.strings; sourceTree = "<group>"; };
		DD8D4AAD243FA7F700726D90 /* de */ = {isa = PBXFileReference; lastKnownFileType = text.plist.strings; name = de; path = de.lproj/LaunchScreen.strings; sourceTree = "<group>"; };
		DD8D4AAE243FA7F700726D90 /* de */ = {isa = PBXFileReference; lastKnownFileType = text.plist.strings; name = de; path = de.lproj/Localizable.strings; sourceTree = "<group>"; };
/* End PBXFileReference section */

/* Begin PBXFrameworksBuildPhase section */
		DD8B96A124239538004BC59A /* Frameworks */ = {
			isa = PBXFrameworksBuildPhase;
			buildActionMask = 2147483647;
			files = (
			);
			runOnlyForDeploymentPostprocessing = 0;
		};
/* End PBXFrameworksBuildPhase section */

/* Begin PBXGroup section */
		DD8B969B24239538004BC59A = {
			isa = PBXGroup;
			children = (
				DD8B96A624239538004BC59A /* LocalizationDemo */,
				DD8B96A524239538004BC59A /* Products */,
			);
			sourceTree = "<group>";
		};
		DD8B96A524239538004BC59A /* Products */ = {
			isa = PBXGroup;
			children = (
				DD8B96A424239538004BC59A /* LocalizationDemo.app */,
			);
			name = Products;
			sourceTree = "<group>";
		};
		DD8B96A624239538004BC59A /* LocalizationDemo */ = {
			isa = PBXGroup;
			children = (
				DD8D4AB2243FAA3000726D90 /* App */,
				DD8D4AB1243FAA0800726D90 /* LocalizedStrings */,
				DD8B96AB24239538004BC59A /* ViewController.swift */,
				DD8B96AD24239538004BC59A /* Main.storyboard */,
				DD8B96B024239539004BC59A /* Assets.xcassets */,
				DD8B96B524239539004BC59A /* Info.plist */,
				DD8D4AAB243FA7D400726D90 /* Localizable.strings */,
			);
			path = LocalizationDemo;
			sourceTree = "<group>";
		};
		DD8D4AB1243FAA0800726D90 /* LocalizedStrings */ = {
			isa = PBXGroup;
			children = (
				DD8B96BD242409B3004BC59A /* LocalizedStringExtension.swift */,
				DD8B96BB2424091E004BC59A /* LocalizedString.swift */,
			);
			path = LocalizedStrings;
			sourceTree = "<group>";
		};
		DD8D4AB2243FAA3000726D90 /* App */ = {
			isa = PBXGroup;
			children = (
				DD8B96A724239538004BC59A /* AppDelegate.swift */,
				DD8B96B224239539004BC59A /* LaunchScreen.storyboard */,
				DD8B96A924239538004BC59A /* SceneDelegate.swift */,
			);
			path = App;
			sourceTree = "<group>";
		};
/* End PBXGroup section */

/* Begin PBXNativeTarget section */
		DD8B96A324239538004BC59A /* LocalizationDemo */ = {
			isa = PBXNativeTarget;
			buildConfigurationList = DD8B96B824239539004BC59A /* Build configuration list for PBXNativeTarget "LocalizationDemo" */;
			buildPhases = (
				DD8B96A024239538004BC59A /* Sources */,
				DD8B96A124239538004BC59A /* Frameworks */,
				DD8B96A224239538004BC59A /* Resources */,
			);
			buildRules = (
			);
			dependencies = (
			);
			name = LocalizationDemo;
			productName = LocalizationDemo;
			productReference = DD8B96A424239538004BC59A /* LocalizationDemo.app */;
			productType = "com.apple.product-type.application";
		};
/* End PBXNativeTarget section */

/* Begin PBXProject section */
		DD8B969C24239538004BC59A /* Project object */ = {
			isa = PBXProject;
			attributes = {
				LastSwiftUpdateCheck = 1130;
				LastUpgradeCheck = 1130;
				ORGANIZATIONNAME = "Ishtiak Ahmed";
				TargetAttributes = {
					DD8B96A324239538004BC59A = {
						CreatedOnToolsVersion = 11.3.1;
					};
				};
			};
			buildConfigurationList = DD8B969F24239538004BC59A /* Build configuration list for PBXProject "LocalizationDemo" */;
			compatibilityVersion = "Xcode 9.3";
			developmentRegion = en;
			hasScannedForEncodings = 0;
			knownRegions = (
				en,
				Base,
				de,
			);
			mainGroup = DD8B969B24239538004BC59A;
			productRefGroup = DD8B96A524239538004BC59A /* Products */;
			projectDirPath = "";
			projectRoot = "";
			targets = (
				DD8B96A324239538004BC59A /* LocalizationDemo */,
			);
		};
/* End PBXProject section */

/* Begin PBXResourcesBuildPhase section */
		DD8B96A224239538004BC59A /* Resources */ = {
			isa = PBXResourcesBuildPhase;
			buildActionMask = 2147483647;
			files = (
				DD8B96B424239539004BC59A /* LaunchScreen.storyboard in Resources */,
				DD8B96B124239539004BC59A /* Assets.xcassets in Resources */,
				DD8D4AA9243FA7D400726D90 /* Localizable.strings in Resources */,
				DD8B96AF24239538004BC59A /* Main.storyboard in Resources */,
			);
			runOnlyForDeploymentPostprocessing = 0;
		};
/* End PBXResourcesBuildPhase section */

/* Begin PBXSourcesBuildPhase section */
		DD8B96A024239538004BC59A /* Sources */ = {
			isa = PBXSourcesBuildPhase;
			buildActionMask = 2147483647;
			files = (
				DD8B96BC2424091E004BC59A /* LocalizedString.swift in Sources */,
				DD8B96BE242409B3004BC59A /* LocalizedStringExtension.swift in Sources */,
				DD8B96AC24239538004BC59A /* ViewController.swift in Sources */,
				DD8B96A824239538004BC59A /* AppDelegate.swift in Sources */,
				DD8B96AA24239538004BC59A /* SceneDelegate.swift in Sources */,
			);
			runOnlyForDeploymentPostprocessing = 0;
		};
/* End PBXSourcesBuildPhase section */

/* Begin PBXVariantGroup section */
		DD8B96AD24239538004BC59A /* Main.storyboard */ = {
			isa = PBXVariantGroup;
			children = (
				DD8B96AE24239538004BC59A /* Base */,
				DD8D4AAC243FA7F700726D90 /* de */,
			);
			name = Main.storyboard;
			sourceTree = "<group>";
		};
		DD8B96B224239539004BC59A /* LaunchScreen.storyboard */ = {
			isa = PBXVariantGroup;
			children = (
				DD8B96B324239539004BC59A /* Base */,
				DD8D4AAD243FA7F700726D90 /* de */,
			);
			name = LaunchScreen.storyboard;
			sourceTree = "<group>";
		};
		DD8D4AAB243FA7D400726D90 /* Localizable.strings */ = {
			isa = PBXVariantGroup;
			children = (
				DD8D4AAA243FA7D400726D90 /* en */,
				DD8D4AAE243FA7F700726D90 /* de */,
			);
			name = Localizable.strings;
			sourceTree = "<group>";
		};
/* End PBXVariantGroup section */

/* Begin XCBuildConfiguration section */
		DD8B96B624239539004BC59A /* Debug */ = {
			isa = XCBuildConfiguration;
			buildSettings = {
				ALWAYS_SEARCH_USER_PATHS = NO;
				CLANG_ANALYZER_LOCALIZABILITY_NONLOCALIZED = YES;
				CLANG_ANALYZER_NONNULL = YES;
				CLANG_ANALYZER_NUMBER_OBJECT_CONVERSION = YES_AGGRESSIVE;
				CLANG_CXX_LANGUAGE_STANDARD = "gnu++14";
				CLANG_CXX_LIBRARY = "libc++";
				CLANG_ENABLE_MODULES = YES;
				CLANG_ENABLE_OBJC_ARC = YES;
				CLANG_ENABLE_OBJC_WEAK = YES;
				CLANG_WARN_BLOCK_CAPTURE_AUTORELEASING = YES;
				CLANG_WARN_BOOL_CONVERSION = YES;
				CLANG_WARN_COMMA = YES;
				CLANG_WARN_CONSTANT_CONVERSION = YES;
				CLANG_WARN_DEPRECATED_OBJC_IMPLEMENTATIONS = YES;
				CLANG_WARN_DIRECT_OBJC_ISA_USAGE = YES_ERROR;
				CLANG_WARN_DOCUMENTATION_COMMENTS = YES;
				CLANG_WARN_EMPTY_BODY = YES;
				CLANG_WARN_ENUM_CONVERSION = YES;
				CLANG_WARN_INFINITE_RECURSION = YES;
				CLANG_WARN_INT_CONVERSION = YES;
				CLANG_WARN_NON_LITERAL_NULL_CONVERSION = YES;
				CLANG_WARN_OBJC_IMPLICIT_RETAIN_SELF = YES;
				CLANG_WARN_OBJC_LITERAL_CONVERSION = YES;
				CLANG_WARN_OBJC_ROOT_CLASS = YES_ERROR;
				CLANG_WARN_RANGE_LOOP_ANALYSIS = YES;
				CLANG_WARN_STRICT_PROTOTYPES = YES;
				CLANG_WARN_SUSPICIOUS_MOVE = YES;
				CLANG_WARN_UNGUARDED_AVAILABILITY = YES_AGGRESSIVE;
				CLANG_WARN_UNREACHABLE_CODE = YES;
				CLANG_WARN__DUPLICATE_METHOD_MATCH = YES;
				COPY_PHASE_STRIP = NO;
				DEBUG_INFORMATION_FORMAT = dwarf;
				ENABLE_STRICT_OBJC_MSGSEND = YES;
				ENABLE_TESTABILITY = YES;
				GCC_C_LANGUAGE_STANDARD = gnu11;
				GCC_DYNAMIC_NO_PIC = NO;
				GCC_NO_COMMON_BLOCKS = YES;
				GCC_OPTIMIZATION_LEVEL = 0;
				GCC_PREPROCESSOR_DEFINITIONS = (
					"DEBUG=1",
					"$(inherited)",
				);
				GCC_WARN_64_TO_32_BIT_CONVERSION = YES;
				GCC_WARN_ABOUT_RETURN_TYPE = YES_ERROR;
				GCC_WARN_UNDECLARED_SELECTOR = YES;
				GCC_WARN_UNINITIALIZED_AUTOS = YES_AGGRESSIVE;
				GCC_WARN_UNUSED_FUNCTION = YES;
				GCC_WARN_UNUSED_VARIABLE = YES;
				IPHONEOS_DEPLOYMENT_TARGET = 13.2;
				MTL_ENABLE_DEBUG_INFO = INCLUDE_SOURCE;
				MTL_FAST_MATH = YES;
				ONLY_ACTIVE_ARCH = YES;
				SDKROOT = iphoneos;
				SWIFT_ACTIVE_COMPILATION_CONDITIONS = DEBUG;
				SWIFT_OPTIMIZATION_LEVEL = "-Onone";
			};
			name = Debug;
		};
		DD8B96B724239539004BC59A /* Release */ = {
			isa = XCBuildConfiguration;
			buildSettings = {
				ALWAYS_SEARCH_USER_PATHS = NO;
				CLANG_ANALYZER_LOCALIZABILITY_NONLOCALIZED = YES;
				CLANG_ANALYZER_NONNULL = YES;
				CLANG_ANALYZER_NUMBER_OBJECT_CONVERSION = YES_AGGRESSIVE;
				CLANG_CXX_LANGUAGE_STANDARD = "gnu++14";
				CLANG_CXX_LIBRARY = "libc++";
				CLANG_ENABLE_MODULES = YES;
				CLANG_ENABLE_OBJC_ARC = YES;
				CLANG_ENABLE_OBJC_WEAK = YES;
				CLANG_WARN_BLOCK_CAPTURE_AUTORELEASING = YES;
				CLANG_WARN_BOOL_CONVERSION = YES;
				CLANG_WARN_COMMA = YES;
				CLANG_WARN_CONSTANT_CONVERSION = YES;
				CLANG_WARN_DEPRECATED_OBJC_IMPLEMENTATIONS = YES;
				CLANG_WARN_DIRECT_OBJC_ISA_USAGE = YES_ERROR;
				CLANG_WARN_DOCUMENTATION_COMMENTS = YES;
				CLANG_WARN_EMPTY_BODY = YES;
				CLANG_WARN_ENUM_CONVERSION = YES;
				CLANG_WARN_INFINITE_RECURSION = YES;
				CLANG_WARN_INT_CONVERSION = YES;
				CLANG_WARN_NON_LITERAL_NULL_CONVERSION = YES;
				CLANG_WARN_OBJC_IMPLICIT_RETAIN_SELF = YES;
				CLANG_WARN_OBJC_LITERAL_CONVERSION = YES;
				CLANG_WARN_OBJC_ROOT_CLASS = YES_ERROR;
				CLANG_WARN_RANGE_LOOP_ANALYSIS = YES;
				CLANG_WARN_STRICT_PROTOTYPES = YES;
				CLANG_WARN_SUSPICIOUS_MOVE = YES;
				CLANG_WARN_UNGUARDED_AVAILABILITY = YES_AGGRESSIVE;
				CLANG_WARN_UNREACHABLE_CODE = YES;
				CLANG_WARN__DUPLICATE_METHOD_MATCH = YES;
				COPY_PHASE_STRIP = NO;
				DEBUG_INFORMATION_FORMAT = "dwarf-with-dsym";
				ENABLE_NS_ASSERTIONS = NO;
				ENABLE_STRICT_OBJC_MSGSEND = YES;
				GCC_C_LANGUAGE_STANDARD = gnu11;
				GCC_NO_COMMON_BLOCKS = YES;
				GCC_WARN_64_TO_32_BIT_CONVERSION = YES;
				GCC_WARN_ABOUT_RETURN_TYPE = YES_ERROR;
				GCC_WARN_UNDECLARED_SELECTOR = YES;
				GCC_WARN_UNINITIALIZED_AUTOS = YES_AGGRESSIVE;
				GCC_WARN_UNUSED_FUNCTION = YES;
				GCC_WARN_UNUSED_VARIABLE = YES;
				IPHONEOS_DEPLOYMENT_TARGET = 13.2;
				MTL_ENABLE_DEBUG_INFO = NO;
				MTL_FAST_MATH = YES;
				SDKROOT = iphoneos;
				SWIFT_COMPILATION_MODE = wholemodule;
				SWIFT_OPTIMIZATION_LEVEL = "-O";
				VALIDATE_PRODUCT = YES;
			};
			name = Release;
		};
		DD8B96B924239539004BC59A /* Debug */ = {
			isa = XCBuildConfiguration;
			buildSettings = {
				ASSETCATALOG_COMPILER_APPICON_NAME = AppIcon;
				CODE_SIGN_STYLE = Automatic;
				INFOPLIST_FILE = LocalizationDemo/Info.plist;
				LD_RUNPATH_SEARCH_PATHS = (
					"$(inherited)",
					"@executable_path/Frameworks",
				);
				PRODUCT_BUNDLE_IDENTIFIER = ishtiak.ahmed.LocalizationDemo;
				PRODUCT_NAME = "$(TARGET_NAME)";
				SWIFT_VERSION = 5.0;
				TARGETED_DEVICE_FAMILY = 1;
			};
			name = Debug;
		};
		DD8B96BA24239539004BC59A /* Release */ = {
			isa = XCBuildConfiguration;
			buildSettings = {
				ASSETCATALOG_COMPILER_APPICON_NAME = AppIcon;
				CODE_SIGN_STYLE = Automatic;
				INFOPLIST_FILE = LocalizationDemo/Info.plist;
				LD_RUNPATH_SEARCH_PATHS = (
					"$(inherited)",
					"@executable_path/Frameworks",
				);
				PRODUCT_BUNDLE_IDENTIFIER = ishtiak.ahmed.LocalizationDemo;
				PRODUCT_NAME = "$(TARGET_NAME)";
				SWIFT_VERSION = 5.0;
				TARGETED_DEVICE_FAMILY = 1;
			};
			name = Release;
		};
/* End XCBuildConfiguration section */

/* Begin XCConfigurationList section */
		DD8B969F24239538004BC59A /* Build configuration list for PBXProject "LocalizationDemo" */ = {
			isa = XCConfigurationList;
			buildConfigurations = (
				DD8B96B624239539004BC59A /* Debug */,
				DD8B96B724239539004BC59A /* Release */,
			);
			defaultConfigurationIsVisible = 0;
			defaultConfigurationName = Release;
		};
		DD8B96B824239539004BC59A /* Build configuration list for PBXNativeTarget "LocalizationDemo" */ = {
			isa = XCConfigurationList;
			buildConfigurations = (
				DD8B96B924239539004BC59A /* Debug */,
				DD8B96BA24239539004BC59A /* Release */,
			);
			defaultConfigurationIsVisible = 0;
			defaultConfigurationName = Release;
		};
/* End XCConfigurationList section */
	};
	rootObject = DD8B969C24239538004BC59A /* Project object */;
}
